// !$*UTF8*$!
{
	archiveVersion = 1;
	classes = {
	};
	objectVersion = 48;
	objects = {

/* Begin PBXBuildFile section */
		2DB1405B29CF577A4C5AC6A0 /* Pods_RecipesUITests.framework in Frameworks */ = {isa = PBXBuildFile; fileRef = CAFF210BA0C48F271B66FF16 /* Pods_RecipesUITests.framework */; };
		456A010A541FE67397DD3F07 /* Pods_RecipesTests.framework in Frameworks */ = {isa = PBXBuildFile; fileRef = C603ABB2DDC033874DEEFEB5 /* Pods_RecipesTests.framework */; };
		D21D3DC82041C22F00EF97BC /* NetworkService.swift in Sources */ = {isa = PBXBuildFile; fileRef = D21D3DC72041C22F00EF97BC /* NetworkService.swift */; };
		D21D3DCA2041CD4600EF97BC /* RecipesService.swift in Sources */ = {isa = PBXBuildFile; fileRef = D21D3DC92041CD4600EF97BC /* RecipesService.swift */; };
		D21D3DCC2041D59B00EF97BC /* CacheService.swift in Sources */ = {isa = PBXBuildFile; fileRef = D21D3DCB2041D59B00EF97BC /* CacheService.swift */; };
		D21D3DCE2041D5C200EF97BC /* ImageService.swift in Sources */ = {isa = PBXBuildFile; fileRef = D21D3DCD2041D5C200EF97BC /* ImageService.swift */; };
		D21D3DD02041D5DC00EF97BC /* UIImageView+Extensions.swift in Sources */ = {isa = PBXBuildFile; fileRef = D21D3DCF2041D5DC00EF97BC /* UIImageView+Extensions.swift */; };
		D2261FB7204162D50072956E /* ViewController.swift in Sources */ = {isa = PBXBuildFile; fileRef = D2261FAF204162D50072956E /* ViewController.swift */; };
		D2261FBB204162D50072956E /* AppDelegate.swift in Sources */ = {isa = PBXBuildFile; fileRef = D2261FB5204162D50072956E /* AppDelegate.swift */; };
		D2261FC2204163AE0072956E /* Assets.xcassets in Resources */ = {isa = PBXBuildFile; fileRef = D2261FBC204163AE0072956E /* Assets.xcassets */; };
		D2261FC3204163AE0072956E /* LaunchScreen.storyboard in Resources */ = {isa = PBXBuildFile; fileRef = D2261FBE204163AE0072956E /* LaunchScreen.storyboard */; };
		D2261FC4204163AE0072956E /* Main.storyboard in Resources */ = {isa = PBXBuildFile; fileRef = D2261FC0204163AE0072956E /* Main.storyboard */; };
		D2261FCB204171690072956E /* Recipe.swift in Sources */ = {isa = PBXBuildFile; fileRef = D2261FCA204171690072956E /* Recipe.swift */; };
		D28E1F83EB9D0A42FEAE58E6 /* Pods_Recipes.framework in Frameworks */ = {isa = PBXBuildFile; fileRef = 1D0989C260791A5450C452E1 /* Pods_Recipes.framework */; };
		D29C8B752041622A00F6DFC0 /* RecipesUITests.swift in Sources */ = {isa = PBXBuildFile; fileRef = D29C8B742041622A00F6DFC0 /* RecipesUITests.swift */; };
		D2D14552204186B600B31280 /* RecipeTests.swift in Sources */ = {isa = PBXBuildFile; fileRef = D2D14551204186B600B31280 /* RecipeTests.swift */; };
/* End PBXBuildFile section */

/* Begin PBXContainerItemProxy section */
		D29C8B662041622900F6DFC0 /* PBXContainerItemProxy */ = {
			isa = PBXContainerItemProxy;
			containerPortal = D29C8B492041622900F6DFC0 /* Project object */;
			proxyType = 1;
			remoteGlobalIDString = D29C8B502041622900F6DFC0;
			remoteInfo = Recipes;
		};
		D29C8B712041622A00F6DFC0 /* PBXContainerItemProxy */ = {
			isa = PBXContainerItemProxy;
			containerPortal = D29C8B492041622900F6DFC0 /* Project object */;
			proxyType = 1;
			remoteGlobalIDString = D29C8B502041622900F6DFC0;
			remoteInfo = Recipes;
		};
/* End PBXContainerItemProxy section */

/* Begin PBXFileReference section */
		0B7FB436DB3ED6792BB13CF2 /* Pods-Recipes.release.xcconfig */ = {isa = PBXFileReference; includeInIndex = 1; lastKnownFileType = text.xcconfig; name = "Pods-Recipes.release.xcconfig"; path = "Pods/Target Support Files/Pods-Recipes/Pods-Recipes.release.xcconfig"; sourceTree = "<group>"; };
		1D0989C260791A5450C452E1 /* Pods_Recipes.framework */ = {isa = PBXFileReference; explicitFileType = wrapper.framework; includeInIndex = 0; path = Pods_Recipes.framework; sourceTree = BUILT_PRODUCTS_DIR; };
		3E29D2FB9B154AD6EA94130B /* Pods-RecipesUITests.debug.xcconfig */ = {isa = PBXFileReference; includeInIndex = 1; lastKnownFileType = text.xcconfig; name = "Pods-RecipesUITests.debug.xcconfig"; path = "Pods/Target Support Files/Pods-RecipesUITests/Pods-RecipesUITests.debug.xcconfig"; sourceTree = "<group>"; };
		55CB896310501C0C274522CF /* Pods-RecipesTests.debug.xcconfig */ = {isa = PBXFileReference; includeInIndex = 1; lastKnownFileType = text.xcconfig; name = "Pods-RecipesTests.debug.xcconfig"; path = "Pods/Target Support Files/Pods-RecipesTests/Pods-RecipesTests.debug.xcconfig"; sourceTree = "<group>"; };
		67AB69A190C809D9EB64DDAE /* Pods-Recipes.debug.xcconfig */ = {isa = PBXFileReference; includeInIndex = 1; lastKnownFileType = text.xcconfig; name = "Pods-Recipes.debug.xcconfig"; path = "Pods/Target Support Files/Pods-Recipes/Pods-Recipes.debug.xcconfig"; sourceTree = "<group>"; };
		79900A81992AB62795E12ACA /* Pods-RecipesUITests.release.xcconfig */ = {isa = PBXFileReference; includeInIndex = 1; lastKnownFileType = text.xcconfig; name = "Pods-RecipesUITests.release.xcconfig"; path = "Pods/Target Support Files/Pods-RecipesUITests/Pods-RecipesUITests.release.xcconfig"; sourceTree = "<group>"; };
		A63E1C4979821F120A7D2DFA /* Pods-RecipesTests.release.xcconfig */ = {isa = PBXFileReference; includeInIndex = 1; lastKnownFileType = text.xcconfig; name = "Pods-RecipesTests.release.xcconfig"; path = "Pods/Target Support Files/Pods-RecipesTests/Pods-RecipesTests.release.xcconfig"; sourceTree = "<group>"; };
		C603ABB2DDC033874DEEFEB5 /* Pods_RecipesTests.framework */ = {isa = PBXFileReference; explicitFileType = wrapper.framework; includeInIndex = 0; path = Pods_RecipesTests.framework; sourceTree = BUILT_PRODUCTS_DIR; };
		CAFF210BA0C48F271B66FF16 /* Pods_RecipesUITests.framework */ = {isa = PBXFileReference; explicitFileType = wrapper.framework; includeInIndex = 0; path = Pods_RecipesUITests.framework; sourceTree = BUILT_PRODUCTS_DIR; };
		D21D3DC72041C22F00EF97BC /* NetworkService.swift */ = {isa = PBXFileReference; lastKnownFileType = sourcecode.swift; path = NetworkService.swift; sourceTree = "<group>"; };
		D21D3DC92041CD4600EF97BC /* RecipesService.swift */ = {isa = PBXFileReference; lastKnownFileType = sourcecode.swift; path = RecipesService.swift; sourceTree = "<group>"; };
		D21D3DCB2041D59B00EF97BC /* CacheService.swift */ = {isa = PBXFileReference; lastKnownFileType = sourcecode.swift; path = CacheService.swift; sourceTree = "<group>"; };
		D21D3DCD2041D5C200EF97BC /* ImageService.swift */ = {isa = PBXFileReference; lastKnownFileType = sourcecode.swift; path = ImageService.swift; sourceTree = "<group>"; };
		D21D3DCF2041D5DC00EF97BC /* UIImageView+Extensions.swift */ = {isa = PBXFileReference; lastKnownFileType = sourcecode.swift; path = "UIImageView+Extensions.swift"; sourceTree = "<group>"; };
		D2261FAD204162D50072956E /* Info.plist */ = {isa = PBXFileReference; fileEncoding = 4; lastKnownFileType = text.plist.xml; path = Info.plist; sourceTree = "<group>"; };
		D2261FAF204162D50072956E /* ViewController.swift */ = {isa = PBXFileReference; fileEncoding = 4; lastKnownFileType = sourcecode.swift; path = ViewController.swift; sourceTree = "<group>"; };
		D2261FB5204162D50072956E /* AppDelegate.swift */ = {isa = PBXFileReference; fileEncoding = 4; lastKnownFileType = sourcecode.swift; path = AppDelegate.swift; sourceTree = "<group>"; };
		D2261FBC204163AE0072956E /* Assets.xcassets */ = {isa = PBXFileReference; lastKnownFileType = folder.assetcatalog; path = Assets.xcassets; sourceTree = "<group>"; };
		D2261FBF204163AE0072956E /* Base */ = {isa = PBXFileReference; lastKnownFileType = file.storyboard; name = Base; path = LaunchScreen.storyboard; sourceTree = "<group>"; };
		D2261FC1204163AE0072956E /* Base */ = {isa = PBXFileReference; lastKnownFileType = file.storyboard; name = Base; path = Main.storyboard; sourceTree = "<group>"; };
		D2261FCA204171690072956E /* Recipe.swift */ = {isa = PBXFileReference; lastKnownFileType = sourcecode.swift; path = Recipe.swift; sourceTree = "<group>"; };
		D29C8B512041622900F6DFC0 /* Recipes.app */ = {isa = PBXFileReference; explicitFileType = wrapper.application; includeInIndex = 0; path = Recipes.app; sourceTree = BUILT_PRODUCTS_DIR; };
		D29C8B652041622900F6DFC0 /* RecipesTests.xctest */ = {isa = PBXFileReference; explicitFileType = wrapper.cfbundle; includeInIndex = 0; path = RecipesTests.xctest; sourceTree = BUILT_PRODUCTS_DIR; };
		D29C8B6B2041622A00F6DFC0 /* Info.plist */ = {isa = PBXFileReference; lastKnownFileType = text.plist.xml; path = Info.plist; sourceTree = "<group>"; };
		D29C8B702041622A00F6DFC0 /* RecipesUITests.xctest */ = {isa = PBXFileReference; explicitFileType = wrapper.cfbundle; includeInIndex = 0; path = RecipesUITests.xctest; sourceTree = BUILT_PRODUCTS_DIR; };
		D29C8B742041622A00F6DFC0 /* RecipesUITests.swift */ = {isa = PBXFileReference; lastKnownFileType = sourcecode.swift; path = RecipesUITests.swift; sourceTree = "<group>"; };
		D29C8B762041622A00F6DFC0 /* Info.plist */ = {isa = PBXFileReference; lastKnownFileType = text.plist.xml; path = Info.plist; sourceTree = "<group>"; };
		D2D14551204186B600B31280 /* RecipeTests.swift */ = {isa = PBXFileReference; lastKnownFileType = sourcecode.swift; path = RecipeTests.swift; sourceTree = "<group>"; };
/* End PBXFileReference section */

/* Begin PBXFrameworksBuildPhase section */
		D29C8B4E2041622900F6DFC0 /* Frameworks */ = {
			isa = PBXFrameworksBuildPhase;
			buildActionMask = 2147483647;
			files = (
				D28E1F83EB9D0A42FEAE58E6 /* Pods_Recipes.framework in Frameworks */,
			);
			runOnlyForDeploymentPostprocessing = 0;
		};
		D29C8B622041622900F6DFC0 /* Frameworks */ = {
			isa = PBXFrameworksBuildPhase;
			buildActionMask = 2147483647;
			files = (
				456A010A541FE67397DD3F07 /* Pods_RecipesTests.framework in Frameworks */,
			);
			runOnlyForDeploymentPostprocessing = 0;
		};
		D29C8B6D2041622A00F6DFC0 /* Frameworks */ = {
			isa = PBXFrameworksBuildPhase;
			buildActionMask = 2147483647;
			files = (
				2DB1405B29CF577A4C5AC6A0 /* Pods_RecipesUITests.framework in Frameworks */,
			);
			runOnlyForDeploymentPostprocessing = 0;
		};
/* End PBXFrameworksBuildPhase section */

/* Begin PBXGroup section */
		279AB6ABA3DA7E2475179DA4 /* Frameworks */ = {
			isa = PBXGroup;
			children = (
				1D0989C260791A5450C452E1 /* Pods_Recipes.framework */,
				C603ABB2DDC033874DEEFEB5 /* Pods_RecipesTests.framework */,
				CAFF210BA0C48F271B66FF16 /* Pods_RecipesUITests.framework */,
			);
			name = Frameworks;
			sourceTree = "<group>";
		};
		96E44F5BA420117C22B3E0EE /* Pods */ = {
			isa = PBXGroup;
			children = (
				67AB69A190C809D9EB64DDAE /* Pods-Recipes.debug.xcconfig */,
				0B7FB436DB3ED6792BB13CF2 /* Pods-Recipes.release.xcconfig */,
				55CB896310501C0C274522CF /* Pods-RecipesTests.debug.xcconfig */,
				A63E1C4979821F120A7D2DFA /* Pods-RecipesTests.release.xcconfig */,
				3E29D2FB9B154AD6EA94130B /* Pods-RecipesUITests.debug.xcconfig */,
				79900A81992AB62795E12ACA /* Pods-RecipesUITests.release.xcconfig */,
			);
			name = Pods;
			sourceTree = "<group>";
		};
		D2261FAC204162D50072956E /* Resource */ = {
			isa = PBXGroup;
			children = (
				D2261FBC204163AE0072956E /* Assets.xcassets */,
				D2261FBD204163AE0072956E /* Base.lproj */,
				D2261FAD204162D50072956E /* Info.plist */,
			);
			path = Resource;
			sourceTree = "<group>";
		};
		D2261FAE204162D50072956E /* Source */ = {
			isa = PBXGroup;
			children = (
				D2261FC920416C7B0072956E /* Feature */,
				D2261FC520416C7B0072956E /* Library */,
				D2261FAF204162D50072956E /* ViewController.swift */,
				D2261FB5204162D50072956E /* AppDelegate.swift */,
			);
			path = Source;
			sourceTree = "<group>";
		};
		D2261FBD204163AE0072956E /* Base.lproj */ = {
			isa = PBXGroup;
			children = (
				D2261FBE204163AE0072956E /* LaunchScreen.storyboard */,
				D2261FC0204163AE0072956E /* Main.storyboard */,
			);
			path = Base.lproj;
			sourceTree = "<group>";
		};
		D2261FC520416C7B0072956E /* Library */ = {
			isa = PBXGroup;
			children = (
				D2261FC620416C7B0072956E /* Extensions */,
				D2261FC720416C7B0072956E /* Model */,
				D2261FC820416C7B0072956E /* Service */,
			);
			path = Library;
			sourceTree = "<group>";
		};
		D2261FC620416C7B0072956E /* Extensions */ = {
			isa = PBXGroup;
			children = (
				D21D3DCF2041D5DC00EF97BC /* UIImageView+Extensions.swift */,
			);
			path = Extensions;
			sourceTree = "<group>";
		};
		D2261FC720416C7B0072956E /* Model */ = {
			isa = PBXGroup;
			children = (
				D2261FCA204171690072956E /* Recipe.swift */,
			);
			path = Model;
			sourceTree = "<group>";
		};
		D2261FC820416C7B0072956E /* Service */ = {
			isa = PBXGroup;
			children = (
				D21D3DC72041C22F00EF97BC /* NetworkService.swift */,
				D21D3DC92041CD4600EF97BC /* RecipesService.swift */,
				D21D3DCB2041D59B00EF97BC /* CacheService.swift */,
				D21D3DCD2041D5C200EF97BC /* ImageService.swift */,
			);
			path = Service;
			sourceTree = "<group>";
		};
		D2261FC920416C7B0072956E /* Feature */ = {
			isa = PBXGroup;
			children = (
			);
			path = Feature;
			sourceTree = "<group>";
		};
		D29C8B482041622900F6DFC0 = {
			isa = PBXGroup;
			children = (
				D2261FAC204162D50072956E /* Resource */,
				D2261FAE204162D50072956E /* Source */,
				D29C8B682041622900F6DFC0 /* RecipesTests */,
				D29C8B732041622A00F6DFC0 /* RecipesUITests */,
				D29C8B522041622900F6DFC0 /* Products */,
				96E44F5BA420117C22B3E0EE /* Pods */,
				279AB6ABA3DA7E2475179DA4 /* Frameworks */,
			);
			sourceTree = "<group>";
		};
		D29C8B522041622900F6DFC0 /* Products */ = {
			isa = PBXGroup;
			children = (
				D29C8B512041622900F6DFC0 /* Recipes.app */,
				D29C8B652041622900F6DFC0 /* RecipesTests.xctest */,
				D29C8B702041622A00F6DFC0 /* RecipesUITests.xctest */,
			);
			name = Products;
			sourceTree = "<group>";
		};
		D29C8B682041622900F6DFC0 /* RecipesTests */ = {
			isa = PBXGroup;
			children = (
				D2D1454F204186AB00B31280 /* Library */,
				D29C8B6B2041622A00F6DFC0 /* Info.plist */,
			);
			path = RecipesTests;
			sourceTree = "<group>";
		};
		D29C8B732041622A00F6DFC0 /* RecipesUITests */ = {
			isa = PBXGroup;
			children = (
				D29C8B742041622A00F6DFC0 /* RecipesUITests.swift */,
				D29C8B762041622A00F6DFC0 /* Info.plist */,
			);
			path = RecipesUITests;
			sourceTree = "<group>";
		};
		D2D1454F204186AB00B31280 /* Library */ = {
			isa = PBXGroup;
			children = (
				D2D14550204186AB00B31280 /* Model */,
			);
			path = Library;
			sourceTree = "<group>";
		};
		D2D14550204186AB00B31280 /* Model */ = {
			isa = PBXGroup;
			children = (
				D2D14551204186B600B31280 /* RecipeTests.swift */,
			);
			path = Model;
			sourceTree = "<group>";
		};
/* End PBXGroup section */

/* Begin PBXNativeTarget section */
		D29C8B502041622900F6DFC0 /* Recipes */ = {
			isa = PBXNativeTarget;
			buildConfigurationList = D29C8B792041622A00F6DFC0 /* Build configuration list for PBXNativeTarget "Recipes" */;
			buildPhases = (
				3ACF734DB59FDA177E1AF598 /* [CP] Check Pods Manifest.lock */,
				D29C8B4D2041622900F6DFC0 /* Sources */,
				D29C8B4E2041622900F6DFC0 /* Frameworks */,
				D29C8B4F2041622900F6DFC0 /* Resources */,
				D2D1454E204182F600B31280 /* SwiftLint */,
				D3627BD33A06E5114D95C50A /* [CP] Embed Pods Frameworks */,
				1AC5414FD7DC6417186C42A8 /* [CP] Copy Pods Resources */,
			);
			buildRules = (
			);
			dependencies = (
			);
			name = Recipes;
			productName = Recipes;
			productReference = D29C8B512041622900F6DFC0 /* Recipes.app */;
			productType = "com.apple.product-type.application";
		};
		D29C8B642041622900F6DFC0 /* RecipesTests */ = {
			isa = PBXNativeTarget;
			buildConfigurationList = D29C8B7C2041622A00F6DFC0 /* Build configuration list for PBXNativeTarget "RecipesTests" */;
			buildPhases = (
				6FF0F054028C8515D88FBDBF /* [CP] Check Pods Manifest.lock */,
				D29C8B612041622900F6DFC0 /* Sources */,
				D29C8B622041622900F6DFC0 /* Frameworks */,
				D29C8B632041622900F6DFC0 /* Resources */,
				6A71297EDC420C872BE9B4AD /* [CP] Embed Pods Frameworks */,
				20108EEAAE22BECAFC47B11B /* [CP] Copy Pods Resources */,
			);
			buildRules = (
			);
			dependencies = (
				D29C8B672041622900F6DFC0 /* PBXTargetDependency */,
			);
			name = RecipesTests;
			productName = RecipesTests;
			productReference = D29C8B652041622900F6DFC0 /* RecipesTests.xctest */;
			productType = "com.apple.product-type.bundle.unit-test";
		};
		D29C8B6F2041622A00F6DFC0 /* RecipesUITests */ = {
			isa = PBXNativeTarget;
			buildConfigurationList = D29C8B7F2041622A00F6DFC0 /* Build configuration list for PBXNativeTarget "RecipesUITests" */;
			buildPhases = (
				62602227C717698D72AFCCDF /* [CP] Check Pods Manifest.lock */,
				D29C8B6C2041622A00F6DFC0 /* Sources */,
				D29C8B6D2041622A00F6DFC0 /* Frameworks */,
				D29C8B6E2041622A00F6DFC0 /* Resources */,
				94068D3026872CC2B8F89FC2 /* [CP] Embed Pods Frameworks */,
				15D757B398228501FC0D4448 /* [CP] Copy Pods Resources */,
			);
			buildRules = (
			);
			dependencies = (
				D29C8B722041622A00F6DFC0 /* PBXTargetDependency */,
			);
			name = RecipesUITests;
			productName = RecipesUITests;
			productReference = D29C8B702041622A00F6DFC0 /* RecipesUITests.xctest */;
			productType = "com.apple.product-type.bundle.ui-testing";
		};
/* End PBXNativeTarget section */

/* Begin PBXProject section */
		D29C8B492041622900F6DFC0 /* Project object */ = {
			isa = PBXProject;
			attributes = {
				LastSwiftUpdateCheck = 0920;
				LastUpgradeCheck = 0920;
				ORGANIZATIONNAME = "Khoa Pham";
				TargetAttributes = {
					D29C8B502041622900F6DFC0 = {
						CreatedOnToolsVersion = 9.2;
						ProvisioningStyle = Automatic;
					};
					D29C8B642041622900F6DFC0 = {
						CreatedOnToolsVersion = 9.2;
						ProvisioningStyle = Automatic;
						TestTargetID = D29C8B502041622900F6DFC0;
					};
					D29C8B6F2041622A00F6DFC0 = {
						CreatedOnToolsVersion = 9.2;
						ProvisioningStyle = Automatic;
						TestTargetID = D29C8B502041622900F6DFC0;
					};
				};
			};
			buildConfigurationList = D29C8B4C2041622900F6DFC0 /* Build configuration list for PBXProject "Recipes" */;
			compatibilityVersion = "Xcode 8.0";
			developmentRegion = en;
			hasScannedForEncodings = 0;
			knownRegions = (
				en,
				Base,
			);
			mainGroup = D29C8B482041622900F6DFC0;
			productRefGroup = D29C8B522041622900F6DFC0 /* Products */;
			projectDirPath = "";
			projectRoot = "";
			targets = (
				D29C8B502041622900F6DFC0 /* Recipes */,
				D29C8B642041622900F6DFC0 /* RecipesTests */,
				D29C8B6F2041622A00F6DFC0 /* RecipesUITests */,
			);
		};
/* End PBXProject section */

/* Begin PBXResourcesBuildPhase section */
		D29C8B4F2041622900F6DFC0 /* Resources */ = {
			isa = PBXResourcesBuildPhase;
			buildActionMask = 2147483647;
			files = (
				D2261FC4204163AE0072956E /* Main.storyboard in Resources */,
				D2261FC2204163AE0072956E /* Assets.xcassets in Resources */,
				D2261FC3204163AE0072956E /* LaunchScreen.storyboard in Resources */,
			);
			runOnlyForDeploymentPostprocessing = 0;
		};
		D29C8B632041622900F6DFC0 /* Resources */ = {
			isa = PBXResourcesBuildPhase;
			buildActionMask = 2147483647;
			files = (
			);
			runOnlyForDeploymentPostprocessing = 0;
		};
		D29C8B6E2041622A00F6DFC0 /* Resources */ = {
			isa = PBXResourcesBuildPhase;
			buildActionMask = 2147483647;
			files = (
			);
			runOnlyForDeploymentPostprocessing = 0;
		};
/* End PBXResourcesBuildPhase section */

/* Begin PBXShellScriptBuildPhase section */
		15D757B398228501FC0D4448 /* [CP] Copy Pods Resources */ = {
			isa = PBXShellScriptBuildPhase;
			buildActionMask = 2147483647;
			files = (
			);
			inputPaths = (
			);
			name = "[CP] Copy Pods Resources";
			outputPaths = (
			);
			runOnlyForDeploymentPostprocessing = 0;
			shellPath = /bin/sh;
			shellScript = "\"${SRCROOT}/Pods/Target Support Files/Pods-RecipesUITests/Pods-RecipesUITests-resources.sh\"\n";
			showEnvVarsInLog = 0;
		};
		1AC5414FD7DC6417186C42A8 /* [CP] Copy Pods Resources */ = {
			isa = PBXShellScriptBuildPhase;
			buildActionMask = 2147483647;
			files = (
			);
			inputPaths = (
			);
			name = "[CP] Copy Pods Resources";
			outputPaths = (
			);
			runOnlyForDeploymentPostprocessing = 0;
			shellPath = /bin/sh;
			shellScript = "\"${SRCROOT}/Pods/Target Support Files/Pods-Recipes/Pods-Recipes-resources.sh\"\n";
			showEnvVarsInLog = 0;
		};
		20108EEAAE22BECAFC47B11B /* [CP] Copy Pods Resources */ = {
			isa = PBXShellScriptBuildPhase;
			buildActionMask = 2147483647;
			files = (
			);
			inputPaths = (
			);
			name = "[CP] Copy Pods Resources";
			outputPaths = (
			);
			runOnlyForDeploymentPostprocessing = 0;
			shellPath = /bin/sh;
			shellScript = "\"${SRCROOT}/Pods/Target Support Files/Pods-RecipesTests/Pods-RecipesTests-resources.sh\"\n";
			showEnvVarsInLog = 0;
		};
		3ACF734DB59FDA177E1AF598 /* [CP] Check Pods Manifest.lock */ = {
			isa = PBXShellScriptBuildPhase;
			buildActionMask = 2147483647;
			files = (
			);
			inputPaths = (
				"${PODS_PODFILE_DIR_PATH}/Podfile.lock",
				"${PODS_ROOT}/Manifest.lock",
			);
			name = "[CP] Check Pods Manifest.lock";
			outputPaths = (
				"$(DERIVED_FILE_DIR)/Pods-Recipes-checkManifestLockResult.txt",
			);
			runOnlyForDeploymentPostprocessing = 0;
			shellPath = /bin/sh;
			shellScript = "diff \"${PODS_PODFILE_DIR_PATH}/Podfile.lock\" \"${PODS_ROOT}/Manifest.lock\" > /dev/null\nif [ $? != 0 ] ; then\n    # print error to STDERR\n    echo \"error: The sandbox is not in sync with the Podfile.lock. Run 'pod install' or update your CocoaPods installation.\" >&2\n    exit 1\nfi\n# This output is used by Xcode 'outputs' to avoid re-running this script phase.\necho \"SUCCESS\" > \"${SCRIPT_OUTPUT_FILE_0}\"\n";
			showEnvVarsInLog = 0;
		};
		62602227C717698D72AFCCDF /* [CP] Check Pods Manifest.lock */ = {
			isa = PBXShellScriptBuildPhase;
			buildActionMask = 2147483647;
			files = (
			);
			inputPaths = (
				"${PODS_PODFILE_DIR_PATH}/Podfile.lock",
				"${PODS_ROOT}/Manifest.lock",
			);
			name = "[CP] Check Pods Manifest.lock";
			outputPaths = (
				"$(DERIVED_FILE_DIR)/Pods-RecipesUITests-checkManifestLockResult.txt",
			);
			runOnlyForDeploymentPostprocessing = 0;
			shellPath = /bin/sh;
			shellScript = "diff \"${PODS_PODFILE_DIR_PATH}/Podfile.lock\" \"${PODS_ROOT}/Manifest.lock\" > /dev/null\nif [ $? != 0 ] ; then\n    # print error to STDERR\n    echo \"error: The sandbox is not in sync with the Podfile.lock. Run 'pod install' or update your CocoaPods installation.\" >&2\n    exit 1\nfi\n# This output is used by Xcode 'outputs' to avoid re-running this script phase.\necho \"SUCCESS\" > \"${SCRIPT_OUTPUT_FILE_0}\"\n";
			showEnvVarsInLog = 0;
		};
		6A71297EDC420C872BE9B4AD /* [CP] Embed Pods Frameworks */ = {
			isa = PBXShellScriptBuildPhase;
			buildActionMask = 2147483647;
			files = (
			);
			inputPaths = (
			);
			name = "[CP] Embed Pods Frameworks";
			outputPaths = (
			);
			runOnlyForDeploymentPostprocessing = 0;
			shellPath = /bin/sh;
			shellScript = "\"${SRCROOT}/Pods/Target Support Files/Pods-RecipesTests/Pods-RecipesTests-frameworks.sh\"\n";
			showEnvVarsInLog = 0;
		};
		6FF0F054028C8515D88FBDBF /* [CP] Check Pods Manifest.lock */ = {
			isa = PBXShellScriptBuildPhase;
			buildActionMask = 2147483647;
			files = (
			);
			inputPaths = (
				"${PODS_PODFILE_DIR_PATH}/Podfile.lock",
				"${PODS_ROOT}/Manifest.lock",
			);
			name = "[CP] Check Pods Manifest.lock";
			outputPaths = (
				"$(DERIVED_FILE_DIR)/Pods-RecipesTests-checkManifestLockResult.txt",
			);
			runOnlyForDeploymentPostprocessing = 0;
			shellPath = /bin/sh;
			shellScript = "diff \"${PODS_PODFILE_DIR_PATH}/Podfile.lock\" \"${PODS_ROOT}/Manifest.lock\" > /dev/null\nif [ $? != 0 ] ; then\n    # print error to STDERR\n    echo \"error: The sandbox is not in sync with the Podfile.lock. Run 'pod install' or update your CocoaPods installation.\" >&2\n    exit 1\nfi\n# This output is used by Xcode 'outputs' to avoid re-running this script phase.\necho \"SUCCESS\" > \"${SCRIPT_OUTPUT_FILE_0}\"\n";
			showEnvVarsInLog = 0;
		};
		94068D3026872CC2B8F89FC2 /* [CP] Embed Pods Frameworks */ = {
			isa = PBXShellScriptBuildPhase;
			buildActionMask = 2147483647;
			files = (
			);
			inputPaths = (
			);
			name = "[CP] Embed Pods Frameworks";
			outputPaths = (
			);
			runOnlyForDeploymentPostprocessing = 0;
			shellPath = /bin/sh;
			shellScript = "\"${SRCROOT}/Pods/Target Support Files/Pods-RecipesUITests/Pods-RecipesUITests-frameworks.sh\"\n";
			showEnvVarsInLog = 0;
		};
		D2D1454E204182F600B31280 /* SwiftLint */ = {
			isa = PBXShellScriptBuildPhase;
			buildActionMask = 2147483647;
			files = (
			);
			inputPaths = (
			);
			name = SwiftLint;
			outputPaths = (
			);
			runOnlyForDeploymentPostprocessing = 0;
			shellPath = /bin/sh;
			shellScript = "if which swiftlint >/dev/null; then\nswiftlint\nelse\necho \"warning: SwiftLint not installed, download from https://github.com/realm/SwiftLint\"\nfi";
		};
		D3627BD33A06E5114D95C50A /* [CP] Embed Pods Frameworks */ = {
			isa = PBXShellScriptBuildPhase;
			buildActionMask = 2147483647;
			files = (
			);
			inputPaths = (
				"${SRCROOT}/Pods/Target Support Files/Pods-Recipes/Pods-Recipes-frameworks.sh",
				"${BUILT_PRODUCTS_DIR}/SwiftHash/SwiftHash.framework",
			);
			name = "[CP] Embed Pods Frameworks";
			outputPaths = (
				"${TARGET_BUILD_DIR}/${FRAMEWORKS_FOLDER_PATH}/SwiftHash.framework",
			);
			runOnlyForDeploymentPostprocessing = 0;
			shellPath = /bin/sh;
			shellScript = "\"${SRCROOT}/Pods/Target Support Files/Pods-Recipes/Pods-Recipes-frameworks.sh\"\n";
			showEnvVarsInLog = 0;
		};
/* End PBXShellScriptBuildPhase section */

/* Begin PBXSourcesBuildPhase section */
		D29C8B4D2041622900F6DFC0 /* Sources */ = {
			isa = PBXSourcesBuildPhase;
			buildActionMask = 2147483647;
			files = (
				D21D3DCA2041CD4600EF97BC /* RecipesService.swift in Sources */,
				D2261FCB204171690072956E /* Recipe.swift in Sources */,
				D2261FBB204162D50072956E /* AppDelegate.swift in Sources */,
				D21D3DC82041C22F00EF97BC /* NetworkService.swift in Sources */,
				D2261FB7204162D50072956E /* ViewController.swift in Sources */,
				D21D3DCC2041D59B00EF97BC /* CacheService.swift in Sources */,
				D21D3DD02041D5DC00EF97BC /* UIImageView+Extensions.swift in Sources */,
				D21D3DCE2041D5C200EF97BC /* ImageService.swift in Sources */,
			);
			runOnlyForDeploymentPostprocessing = 0;
		};
		D29C8B612041622900F6DFC0 /* Sources */ = {
			isa = PBXSourcesBuildPhase;
			buildActionMask = 2147483647;
			files = (
				D2D14552204186B600B31280 /* RecipeTests.swift in Sources */,
			);
			runOnlyForDeploymentPostprocessing = 0;
		};
		D29C8B6C2041622A00F6DFC0 /* Sources */ = {
			isa = PBXSourcesBuildPhase;
			buildActionMask = 2147483647;
			files = (
				D29C8B752041622A00F6DFC0 /* RecipesUITests.swift in Sources */,
			);
			runOnlyForDeploymentPostprocessing = 0;
		};
/* End PBXSourcesBuildPhase section */

/* Begin PBXTargetDependency section */
		D29C8B672041622900F6DFC0 /* PBXTargetDependency */ = {
			isa = PBXTargetDependency;
			target = D29C8B502041622900F6DFC0 /* Recipes */;
			targetProxy = D29C8B662041622900F6DFC0 /* PBXContainerItemProxy */;
		};
		D29C8B722041622A00F6DFC0 /* PBXTargetDependency */ = {
			isa = PBXTargetDependency;
			target = D29C8B502041622900F6DFC0 /* Recipes */;
			targetProxy = D29C8B712041622A00F6DFC0 /* PBXContainerItemProxy */;
		};
/* End PBXTargetDependency section */

/* Begin PBXVariantGroup section */
		D2261FBE204163AE0072956E /* LaunchScreen.storyboard */ = {
			isa = PBXVariantGroup;
			children = (
				D2261FBF204163AE0072956E /* Base */,
			);
			name = LaunchScreen.storyboard;
			sourceTree = "<group>";
		};
		D2261FC0204163AE0072956E /* Main.storyboard */ = {
			isa = PBXVariantGroup;
			children = (
				D2261FC1204163AE0072956E /* Base */,
			);
			name = Main.storyboard;
			sourceTree = "<group>";
		};
/* End PBXVariantGroup section */

/* Begin XCBuildConfiguration section */
		D29C8B772041622A00F6DFC0 /* Debug */ = {
			isa = XCBuildConfiguration;
			buildSettings = {
				ALWAYS_SEARCH_USER_PATHS = NO;
				CLANG_ANALYZER_NONNULL = YES;
				CLANG_ANALYZER_NUMBER_OBJECT_CONVERSION = YES_AGGRESSIVE;
				CLANG_CXX_LANGUAGE_STANDARD = "gnu++14";
				CLANG_CXX_LIBRARY = "libc++";
				CLANG_ENABLE_MODULES = YES;
				CLANG_ENABLE_OBJC_ARC = YES;
				CLANG_WARN_BLOCK_CAPTURE_AUTORELEASING = YES;
				CLANG_WARN_BOOL_CONVERSION = YES;
				CLANG_WARN_COMMA = YES;
				CLANG_WARN_CONSTANT_CONVERSION = YES;
				CLANG_WARN_DIRECT_OBJC_ISA_USAGE = YES_ERROR;
				CLANG_WARN_DOCUMENTATION_COMMENTS = YES;
				CLANG_WARN_EMPTY_BODY = YES;
				CLANG_WARN_ENUM_CONVERSION = YES;
				CLANG_WARN_INFINITE_RECURSION = YES;
				CLANG_WARN_INT_CONVERSION = YES;
				CLANG_WARN_NON_LITERAL_NULL_CONVERSION = YES;
				CLANG_WARN_OBJC_LITERAL_CONVERSION = YES;
				CLANG_WARN_OBJC_ROOT_CLASS = YES_ERROR;
				CLANG_WARN_RANGE_LOOP_ANALYSIS = YES;
				CLANG_WARN_STRICT_PROTOTYPES = YES;
				CLANG_WARN_SUSPICIOUS_MOVE = YES;
				CLANG_WARN_UNGUARDED_AVAILABILITY = YES_AGGRESSIVE;
				CLANG_WARN_UNREACHABLE_CODE = YES;
				CLANG_WARN__DUPLICATE_METHOD_MATCH = YES;
				CODE_SIGN_IDENTITY = "iPhone Developer";
				COPY_PHASE_STRIP = NO;
				DEBUG_INFORMATION_FORMAT = dwarf;
				ENABLE_STRICT_OBJC_MSGSEND = YES;
				ENABLE_TESTABILITY = YES;
				GCC_C_LANGUAGE_STANDARD = gnu11;
				GCC_DYNAMIC_NO_PIC = NO;
				GCC_NO_COMMON_BLOCKS = YES;
				GCC_OPTIMIZATION_LEVEL = 0;
				GCC_PREPROCESSOR_DEFINITIONS = (
					"DEBUG=1",
					"$(inherited)",
				);
				GCC_WARN_64_TO_32_BIT_CONVERSION = YES;
				GCC_WARN_ABOUT_RETURN_TYPE = YES_ERROR;
				GCC_WARN_UNDECLARED_SELECTOR = YES;
				GCC_WARN_UNINITIALIZED_AUTOS = YES_AGGRESSIVE;
				GCC_WARN_UNUSED_FUNCTION = YES;
				GCC_WARN_UNUSED_VARIABLE = YES;
				IPHONEOS_DEPLOYMENT_TARGET = 11.2;
				MTL_ENABLE_DEBUG_INFO = YES;
				ONLY_ACTIVE_ARCH = YES;
				SDKROOT = iphoneos;
				SWIFT_ACTIVE_COMPILATION_CONDITIONS = DEBUG;
				SWIFT_OPTIMIZATION_LEVEL = "-Onone";
			};
			name = Debug;
		};
		D29C8B782041622A00F6DFC0 /* Release */ = {
			isa = XCBuildConfiguration;
			buildSettings = {
				ALWAYS_SEARCH_USER_PATHS = NO;
				CLANG_ANALYZER_NONNULL = YES;
				CLANG_ANALYZER_NUMBER_OBJECT_CONVERSION = YES_AGGRESSIVE;
				CLANG_CXX_LANGUAGE_STANDARD = "gnu++14";
				CLANG_CXX_LIBRARY = "libc++";
				CLANG_ENABLE_MODULES = YES;
				CLANG_ENABLE_OBJC_ARC = YES;
				CLANG_WARN_BLOCK_CAPTURE_AUTORELEASING = YES;
				CLANG_WARN_BOOL_CONVERSION = YES;
				CLANG_WARN_COMMA = YES;
				CLANG_WARN_CONSTANT_CONVERSION = YES;
				CLANG_WARN_DIRECT_OBJC_ISA_USAGE = YES_ERROR;
				CLANG_WARN_DOCUMENTATION_COMMENTS = YES;
				CLANG_WARN_EMPTY_BODY = YES;
				CLANG_WARN_ENUM_CONVERSION = YES;
				CLANG_WARN_INFINITE_RECURSION = YES;
				CLANG_WARN_INT_CONVERSION = YES;
				CLANG_WARN_NON_LITERAL_NULL_CONVERSION = YES;
				CLANG_WARN_OBJC_LITERAL_CONVERSION = YES;
				CLANG_WARN_OBJC_ROOT_CLASS = YES_ERROR;
				CLANG_WARN_RANGE_LOOP_ANALYSIS = YES;
				CLANG_WARN_STRICT_PROTOTYPES = YES;
				CLANG_WARN_SUSPICIOUS_MOVE = YES;
				CLANG_WARN_UNGUARDED_AVAILABILITY = YES_AGGRESSIVE;
				CLANG_WARN_UNREACHABLE_CODE = YES;
				CLANG_WARN__DUPLICATE_METHOD_MATCH = YES;
				CODE_SIGN_IDENTITY = "iPhone Developer";
				COPY_PHASE_STRIP = NO;
				DEBUG_INFORMATION_FORMAT = "dwarf-with-dsym";
				ENABLE_NS_ASSERTIONS = NO;
				ENABLE_STRICT_OBJC_MSGSEND = YES;
				GCC_C_LANGUAGE_STANDARD = gnu11;
				GCC_NO_COMMON_BLOCKS = YES;
				GCC_WARN_64_TO_32_BIT_CONVERSION = YES;
				GCC_WARN_ABOUT_RETURN_TYPE = YES_ERROR;
				GCC_WARN_UNDECLARED_SELECTOR = YES;
				GCC_WARN_UNINITIALIZED_AUTOS = YES_AGGRESSIVE;
				GCC_WARN_UNUSED_FUNCTION = YES;
				GCC_WARN_UNUSED_VARIABLE = YES;
				IPHONEOS_DEPLOYMENT_TARGET = 11.2;
				MTL_ENABLE_DEBUG_INFO = NO;
				SDKROOT = iphoneos;
				SWIFT_OPTIMIZATION_LEVEL = "-Owholemodule";
				VALIDATE_PRODUCT = YES;
			};
			name = Release;
		};
		D29C8B7A2041622A00F6DFC0 /* Debug */ = {
			isa = XCBuildConfiguration;
			baseConfigurationReference = 67AB69A190C809D9EB64DDAE /* Pods-Recipes.debug.xcconfig */;
			buildSettings = {
				ASSETCATALOG_COMPILER_APPICON_NAME = AppIcon;
				CODE_SIGN_STYLE = Automatic;
				DEVELOPMENT_TEAM = T78DK947F2;
				INFOPLIST_FILE = "$(SRCROOT)/Resource/Info.plist";
				IPHONEOS_DEPLOYMENT_TARGET = 9.0;
				LD_RUNPATH_SEARCH_PATHS = "$(inherited) @executable_path/Frameworks";
				PRODUCT_BUNDLE_IDENTIFIER = no.onmyway133.Recipes;
				PRODUCT_NAME = "$(TARGET_NAME)";
				SWIFT_VERSION = 4.0;
				TARGETED_DEVICE_FAMILY = "1,2";
			};
			name = Debug;
		};
		D29C8B7B2041622A00F6DFC0 /* Release */ = {
			isa = XCBuildConfiguration;
			baseConfigurationReference = 0B7FB436DB3ED6792BB13CF2 /* Pods-Recipes.release.xcconfig */;
			buildSettings = {
				ASSETCATALOG_COMPILER_APPICON_NAME = AppIcon;
				CODE_SIGN_STYLE = Automatic;
				DEVELOPMENT_TEAM = T78DK947F2;
				INFOPLIST_FILE = "$(SRCROOT)/Resource/Info.plist";
				IPHONEOS_DEPLOYMENT_TARGET = 9.0;
				LD_RUNPATH_SEARCH_PATHS = "$(inherited) @executable_path/Frameworks";
				PRODUCT_BUNDLE_IDENTIFIER = no.onmyway133.Recipes;
				PRODUCT_NAME = "$(TARGET_NAME)";
				SWIFT_VERSION = 4.0;
				TARGETED_DEVICE_FAMILY = "1,2";
			};
			name = Release;
		};
		D29C8B7D2041622A00F6DFC0 /* Debug */ = {
			isa = XCBuildConfiguration;
			baseConfigurationReference = 55CB896310501C0C274522CF /* Pods-RecipesTests.debug.xcconfig */;
			buildSettings = {
				ALWAYS_EMBED_SWIFT_STANDARD_LIBRARIES = YES;
				BUNDLE_LOADER = "$(TEST_HOST)";
				CODE_SIGN_STYLE = Automatic;
				DEVELOPMENT_TEAM = T78DK947F2;
				INFOPLIST_FILE = RecipesTests/Info.plist;
				LD_RUNPATH_SEARCH_PATHS = "$(inherited) @executable_path/Frameworks @loader_path/Frameworks";
				PRODUCT_BUNDLE_IDENTIFIER = no.onmyway133.RecipesTests;
				PRODUCT_NAME = "$(TARGET_NAME)";
				SWIFT_VERSION = 4.0;
				TARGETED_DEVICE_FAMILY = "1,2";
				TEST_HOST = "$(BUILT_PRODUCTS_DIR)/Recipes.app/Recipes";
			};
			name = Debug;
		};
		D29C8B7E2041622A00F6DFC0 /* Release */ = {
			isa = XCBuildConfiguration;
			baseConfigurationReference = A63E1C4979821F120A7D2DFA /* Pods-RecipesTests.release.xcconfig */;
			buildSettings = {
				ALWAYS_EMBED_SWIFT_STANDARD_LIBRARIES = YES;
				BUNDLE_LOADER = "$(TEST_HOST)";
				CODE_SIGN_STYLE = Automatic;
				DEVELOPMENT_TEAM = T78DK947F2;
				INFOPLIST_FILE = RecipesTests/Info.plist;
				LD_RUNPATH_SEARCH_PATHS = "$(inherited) @executable_path/Frameworks @loader_path/Frameworks";
				PRODUCT_BUNDLE_IDENTIFIER = no.onmyway133.RecipesTests;
				PRODUCT_NAME = "$(TARGET_NAME)";
				SWIFT_VERSION = 4.0;
				TARGETED_DEVICE_FAMILY = "1,2";
				TEST_HOST = "$(BUILT_PRODUCTS_DIR)/Recipes.app/Recipes";
			};
			name = Release;
		};
		D29C8B802041622A00F6DFC0 /* Debug */ = {
			isa = XCBuildConfiguration;
			baseConfigurationReference = 3E29D2FB9B154AD6EA94130B /* Pods-RecipesUITests.debug.xcconfig */;
			buildSettings = {
				ALWAYS_EMBED_SWIFT_STANDARD_LIBRARIES = YES;
				CODE_SIGN_STYLE = Automatic;
				DEVELOPMENT_TEAM = T78DK947F2;
				INFOPLIST_FILE = RecipesUITests/Info.plist;
				LD_RUNPATH_SEARCH_PATHS = "$(inherited) @executable_path/Frameworks @loader_path/Frameworks";
				PRODUCT_BUNDLE_IDENTIFIER = no.onmyway133.RecipesUITests;
				PRODUCT_NAME = "$(TARGET_NAME)";
				SWIFT_VERSION = 4.0;
				TARGETED_DEVICE_FAMILY = "1,2";
				TEST_TARGET_NAME = Recipes;
			};
			name = Debug;
		};
		D29C8B812041622A00F6DFC0 /* Release */ = {
			isa = XCBuildConfiguration;
			baseConfigurationReference = 79900A81992AB62795E12ACA /* Pods-RecipesUITests.release.xcconfig */;
			buildSettings = {
				ALWAYS_EMBED_SWIFT_STANDARD_LIBRARIES = YES;
				CODE_SIGN_STYLE = Automatic;
				DEVELOPMENT_TEAM = T78DK947F2;
				INFOPLIST_FILE = RecipesUITests/Info.plist;
				LD_RUNPATH_SEARCH_PATHS = "$(inherited) @executable_path/Frameworks @loader_path/Frameworks";
				PRODUCT_BUNDLE_IDENTIFIER = no.onmyway133.RecipesUITests;
				PRODUCT_NAME = "$(TARGET_NAME)";
				SWIFT_VERSION = 4.0;
				TARGETED_DEVICE_FAMILY = "1,2";
				TEST_TARGET_NAME = Recipes;
			};
			name = Release;
		};
/* End XCBuildConfiguration section */

/* Begin XCConfigurationList section */
		D29C8B4C2041622900F6DFC0 /* Build configuration list for PBXProject "Recipes" */ = {
			isa = XCConfigurationList;
			buildConfigurations = (
				D29C8B772041622A00F6DFC0 /* Debug */,
				D29C8B782041622A00F6DFC0 /* Release */,
			);
			defaultConfigurationIsVisible = 0;
			defaultConfigurationName = Release;
		};
		D29C8B792041622A00F6DFC0 /* Build configuration list for PBXNativeTarget "Recipes" */ = {
			isa = XCConfigurationList;
			buildConfigurations = (
				D29C8B7A2041622A00F6DFC0 /* Debug */,
				D29C8B7B2041622A00F6DFC0 /* Release */,
			);
			defaultConfigurationIsVisible = 0;
			defaultConfigurationName = Release;
		};
		D29C8B7C2041622A00F6DFC0 /* Build configuration list for PBXNativeTarget "RecipesTests" */ = {
			isa = XCConfigurationList;
			buildConfigurations = (
				D29C8B7D2041622A00F6DFC0 /* Debug */,
				D29C8B7E2041622A00F6DFC0 /* Release */,
			);
			defaultConfigurationIsVisible = 0;
			defaultConfigurationName = Release;
		};
		D29C8B7F2041622A00F6DFC0 /* Build configuration list for PBXNativeTarget "RecipesUITests" */ = {
			isa = XCConfigurationList;
			buildConfigurations = (
				D29C8B802041622A00F6DFC0 /* Debug */,
				D29C8B812041622A00F6DFC0 /* Release */,
			);
			defaultConfigurationIsVisible = 0;
			defaultConfigurationName = Release;
		};
/* End XCConfigurationList section */
	};
	rootObject = D29C8B492041622900F6DFC0 /* Project object */;
}
