// !$*UTF8*$!
{
	archiveVersion = 1;
	classes = {
	};
	objectVersion = 48;
	objects = {

/* Begin PBXBuildFile section */
		D29C8B552041622900F6DFC0 /* AppDelegate.swift in Sources */ = {isa = PBXBuildFile; fileRef = D29C8B542041622900F6DFC0 /* AppDelegate.swift */; };
		D29C8B572041622900F6DFC0 /* ViewController.swift in Sources */ = {isa = PBXBuildFile; fileRef = D29C8B562041622900F6DFC0 /* ViewController.swift */; };
		D29C8B5A2041622900F6DFC0 /* Main.storyboard in Resources */ = {isa = PBXBuildFile; fileRef = D29C8B582041622900F6DFC0 /* Main.storyboard */; };
		D29C8B5C2041622900F6DFC0 /* Assets.xcassets in Resources */ = {isa = PBXBuildFile; fileRef = D29C8B5B2041622900F6DFC0 /* Assets.xcassets */; };
		D29C8B5F2041622900F6DFC0 /* LaunchScreen.storyboard in Resources */ = {isa = PBXBuildFile; fileRef = D29C8B5D2041622900F6DFC0 /* LaunchScreen.storyboard */; };
		D29C8B6A2041622900F6DFC0 /* RecipesTests.swift in Sources */ = {isa = PBXBuildFile; fileRef = D29C8B692041622900F6DFC0 /* RecipesTests.swift */; };
		D29C8B752041622A00F6DFC0 /* RecipesUITests.swift in Sources */ = {isa = PBXBuildFile; fileRef = D29C8B742041622A00F6DFC0 /* RecipesUITests.swift */; };
/* End PBXBuildFile section */

/* Begin PBXContainerItemProxy section */
		D29C8B662041622900F6DFC0 /* PBXContainerItemProxy */ = {
			isa = PBXContainerItemProxy;
			containerPortal = D29C8B492041622900F6DFC0 /* Project object */;
			proxyType = 1;
			remoteGlobalIDString = D29C8B502041622900F6DFC0;
			remoteInfo = Recipes;
		};
		D29C8B712041622A00F6DFC0 /* PBXContainerItemProxy */ = {
			isa = PBXContainerItemProxy;
			containerPortal = D29C8B492041622900F6DFC0 /* Project object */;
			proxyType = 1;
			remoteGlobalIDString = D29C8B502041622900F6DFC0;
			remoteInfo = Recipes;
		};
/* End PBXContainerItemProxy section */

/* Begin PBXFileReference section */
		D29C8B512041622900F6DFC0 /* Recipes.app */ = {isa = PBXFileReference; explicitFileType = wrapper.application; includeInIndex = 0; path = Recipes.app; sourceTree = BUILT_PRODUCTS_DIR; };
		D29C8B542041622900F6DFC0 /* AppDelegate.swift */ = {isa = PBXFileReference; lastKnownFileType = sourcecode.swift; path = AppDelegate.swift; sourceTree = "<group>"; };
		D29C8B562041622900F6DFC0 /* ViewController.swift */ = {isa = PBXFileReference; lastKnownFileType = sourcecode.swift; path = ViewController.swift; sourceTree = "<group>"; };
		D29C8B592041622900F6DFC0 /* Base */ = {isa = PBXFileReference; lastKnownFileType = file.storyboard; name = Base; path = Base.lproj/Main.storyboard; sourceTree = "<group>"; };
		D29C8B5B2041622900F6DFC0 /* Assets.xcassets */ = {isa = PBXFileReference; lastKnownFileType = folder.assetcatalog; path = Assets.xcassets; sourceTree = "<group>"; };
		D29C8B5E2041622900F6DFC0 /* Base */ = {isa = PBXFileReference; lastKnownFileType = file.storyboard; name = Base; path = Base.lproj/LaunchScreen.storyboard; sourceTree = "<group>"; };
		D29C8B602041622900F6DFC0 /* Info.plist */ = {isa = PBXFileReference; lastKnownFileType = text.plist.xml; path = Info.plist; sourceTree = "<group>"; };
		D29C8B652041622900F6DFC0 /* RecipesTests.xctest */ = {isa = PBXFileReference; explicitFileType = wrapper.cfbundle; includeInIndex = 0; path = RecipesTests.xctest; sourceTree = BUILT_PRODUCTS_DIR; };
		D29C8B692041622900F6DFC0 /* RecipesTests.swift */ = {isa = PBXFileReference; lastKnownFileType = sourcecode.swift; path = RecipesTests.swift; sourceTree = "<group>"; };
		D29C8B6B2041622A00F6DFC0 /* Info.plist */ = {isa = PBXFileReference; lastKnownFileType = text.plist.xml; path = Info.plist; sourceTree = "<group>"; };
		D29C8B702041622A00F6DFC0 /* RecipesUITests.xctest */ = {isa = PBXFileReference; explicitFileType = wrapper.cfbundle; includeInIndex = 0; path = RecipesUITests.xctest; sourceTree = BUILT_PRODUCTS_DIR; };
		D29C8B742041622A00F6DFC0 /* RecipesUITests.swift */ = {isa = PBXFileReference; lastKnownFileType = sourcecode.swift; path = RecipesUITests.swift; sourceTree = "<group>"; };
		D29C8B762041622A00F6DFC0 /* Info.plist */ = {isa = PBXFileReference; lastKnownFileType = text.plist.xml; path = Info.plist; sourceTree = "<group>"; };
/* End PBXFileReference section */

/* Begin PBXFrameworksBuildPhase section */
		D29C8B4E2041622900F6DFC0 /* Frameworks */ = {
			isa = PBXFrameworksBuildPhase;
			buildActionMask = 2147483647;
			files = (
			);
			runOnlyForDeploymentPostprocessing = 0;
		};
		D29C8B622041622900F6DFC0 /* Frameworks */ = {
			isa = PBXFrameworksBuildPhase;
			buildActionMask = 2147483647;
			files = (
			);
			runOnlyForDeploymentPostprocessing = 0;
		};
		D29C8B6D2041622A00F6DFC0 /* Frameworks */ = {
			isa = PBXFrameworksBuildPhase;
			buildActionMask = 2147483647;
			files = (
			);
			runOnlyForDeploymentPostprocessing = 0;
		};
/* End PBXFrameworksBuildPhase section */

/* Begin PBXGroup section */
		D29C8B482041622900F6DFC0 = {
			isa = PBXGroup;
			children = (
				D29C8B532041622900F6DFC0 /* Recipes */,
				D29C8B682041622900F6DFC0 /* RecipesTests */,
				D29C8B732041622A00F6DFC0 /* RecipesUITests */,
				D29C8B522041622900F6DFC0 /* Products */,
			);
			sourceTree = "<group>";
		};
		D29C8B522041622900F6DFC0 /* Products */ = {
			isa = PBXGroup;
			children = (
				D29C8B512041622900F6DFC0 /* Recipes.app */,
				D29C8B652041622900F6DFC0 /* RecipesTests.xctest */,
				D29C8B702041622A00F6DFC0 /* RecipesUITests.xctest */,
			);
			name = Products;
			sourceTree = "<group>";
		};
		D29C8B532041622900F6DFC0 /* Recipes */ = {
			isa = PBXGroup;
			children = (
				D29C8B542041622900F6DFC0 /* AppDelegate.swift */,
				D29C8B562041622900F6DFC0 /* ViewController.swift */,
				D29C8B582041622900F6DFC0 /* Main.storyboard */,
				D29C8B5B2041622900F6DFC0 /* Assets.xcassets */,
				D29C8B5D2041622900F6DFC0 /* LaunchScreen.storyboard */,
				D29C8B602041622900F6DFC0 /* Info.plist */,
			);
			path = Recipes;
			sourceTree = "<group>";
		};
		D29C8B682041622900F6DFC0 /* RecipesTests */ = {
			isa = PBXGroup;
			children = (
				D29C8B692041622900F6DFC0 /* RecipesTests.swift */,
				D29C8B6B2041622A00F6DFC0 /* Info.plist */,
			);
			path = RecipesTests;
			sourceTree = "<group>";
		};
		D29C8B732041622A00F6DFC0 /* RecipesUITests */ = {
			isa = PBXGroup;
			children = (
				D29C8B742041622A00F6DFC0 /* RecipesUITests.swift */,
				D29C8B762041622A00F6DFC0 /* Info.plist */,
			);
			path = RecipesUITests;
			sourceTree = "<group>";
		};
/* End PBXGroup section */

/* Begin PBXNativeTarget section */
		D29C8B502041622900F6DFC0 /* Recipes */ = {
			isa = PBXNativeTarget;
			buildConfigurationList = D29C8B792041622A00F6DFC0 /* Build configuration list for PBXNativeTarget "Recipes" */;
			buildPhases = (
				D29C8B4D2041622900F6DFC0 /* Sources */,
				D29C8B4E2041622900F6DFC0 /* Frameworks */,
				D29C8B4F2041622900F6DFC0 /* Resources */,
			);
			buildRules = (
			);
			dependencies = (
			);
			name = Recipes;
			productName = Recipes;
			productReference = D29C8B512041622900F6DFC0 /* Recipes.app */;
			productType = "com.apple.product-type.application";
		};
		D29C8B642041622900F6DFC0 /* RecipesTests */ = {
			isa = PBXNativeTarget;
			buildConfigurationList = D29C8B7C2041622A00F6DFC0 /* Build configuration list for PBXNativeTarget "RecipesTests" */;
			buildPhases = (
				D29C8B612041622900F6DFC0 /* Sources */,
				D29C8B622041622900F6DFC0 /* Frameworks */,
				D29C8B632041622900F6DFC0 /* Resources */,
			);
			buildRules = (
			);
			dependencies = (
				D29C8B672041622900F6DFC0 /* PBXTargetDependency */,
			);
			name = RecipesTests;
			productName = RecipesTests;
			productReference = D29C8B652041622900F6DFC0 /* RecipesTests.xctest */;
			productType = "com.apple.product-type.bundle.unit-test";
		};
		D29C8B6F2041622A00F6DFC0 /* RecipesUITests */ = {
			isa = PBXNativeTarget;
			buildConfigurationList = D29C8B7F2041622A00F6DFC0 /* Build configuration list for PBXNativeTarget "RecipesUITests" */;
			buildPhases = (
				D29C8B6C2041622A00F6DFC0 /* Sources */,
				D29C8B6D2041622A00F6DFC0 /* Frameworks */,
				D29C8B6E2041622A00F6DFC0 /* Resources */,
			);
			buildRules = (
			);
			dependencies = (
				D29C8B722041622A00F6DFC0 /* PBXTargetDependency */,
			);
			name = RecipesUITests;
			productName = RecipesUITests;
			productReference = D29C8B702041622A00F6DFC0 /* RecipesUITests.xctest */;
			productType = "com.apple.product-type.bundle.ui-testing";
		};
/* End PBXNativeTarget section */

/* Begin PBXProject section */
		D29C8B492041622900F6DFC0 /* Project object */ = {
			isa = PBXProject;
			attributes = {
				LastSwiftUpdateCheck = 0920;
				LastUpgradeCheck = 0920;
				ORGANIZATIONNAME = "Khoa Pham";
				TargetAttributes = {
					D29C8B502041622900F6DFC0 = {
						CreatedOnToolsVersion = 9.2;
						ProvisioningStyle = Automatic;
					};
					D29C8B642041622900F6DFC0 = {
						CreatedOnToolsVersion = 9.2;
						ProvisioningStyle = Automatic;
						TestTargetID = D29C8B502041622900F6DFC0;
					};
					D29C8B6F2041622A00F6DFC0 = {
						CreatedOnToolsVersion = 9.2;
						ProvisioningStyle = Automatic;
						TestTargetID = D29C8B502041622900F6DFC0;
					};
				};
			};
			buildConfigurationList = D29C8B4C2041622900F6DFC0 /* Build configuration list for PBXProject "Recipes" */;
			compatibilityVersion = "Xcode 8.0";
			developmentRegion = en;
			hasScannedForEncodings = 0;
			knownRegions = (
				en,
				Base,
			);
			mainGroup = D29C8B482041622900F6DFC0;
			productRefGroup = D29C8B522041622900F6DFC0 /* Products */;
			projectDirPath = "";
			projectRoot = "";
			targets = (
				D29C8B502041622900F6DFC0 /* Recipes */,
				D29C8B642041622900F6DFC0 /* RecipesTests */,
				D29C8B6F2041622A00F6DFC0 /* RecipesUITests */,
			);
		};
/* End PBXProject section */

/* Begin PBXResourcesBuildPhase section */
		D29C8B4F2041622900F6DFC0 /* Resources */ = {
			isa = PBXResourcesBuildPhase;
			buildActionMask = 2147483647;
			files = (
				D29C8B5F2041622900F6DFC0 /* LaunchScreen.storyboard in Resources */,
				D29C8B5C2041622900F6DFC0 /* Assets.xcassets in Resources */,
				D29C8B5A2041622900F6DFC0 /* Main.storyboard in Resources */,
			);
			runOnlyForDeploymentPostprocessing = 0;
		};
		D29C8B632041622900F6DFC0 /* Resources */ = {
			isa = PBXResourcesBuildPhase;
			buildActionMask = 2147483647;
			files = (
			);
			runOnlyForDeploymentPostprocessing = 0;
		};
		D29C8B6E2041622A00F6DFC0 /* Resources */ = {
			isa = PBXResourcesBuildPhase;
			buildActionMask = 2147483647;
			files = (
			);
			runOnlyForDeploymentPostprocessing = 0;
		};
/* End PBXResourcesBuildPhase section */

/* Begin PBXSourcesBuildPhase section */
		D29C8B4D2041622900F6DFC0 /* Sources */ = {
			isa = PBXSourcesBuildPhase;
			buildActionMask = 2147483647;
			files = (
				D29C8B572041622900F6DFC0 /* ViewController.swift in Sources */,
				D29C8B552041622900F6DFC0 /* AppDelegate.swift in Sources */,
			);
			runOnlyForDeploymentPostprocessing = 0;
		};
		D29C8B612041622900F6DFC0 /* Sources */ = {
			isa = PBXSourcesBuildPhase;
			buildActionMask = 2147483647;
			files = (
				D29C8B6A2041622900F6DFC0 /* RecipesTests.swift in Sources */,
			);
			runOnlyForDeploymentPostprocessing = 0;
		};
		D29C8B6C2041622A00F6DFC0 /* Sources */ = {
			isa = PBXSourcesBuildPhase;
			buildActionMask = 2147483647;
			files = (
				D29C8B752041622A00F6DFC0 /* RecipesUITests.swift in Sources */,
			);
			runOnlyForDeploymentPostprocessing = 0;
		};
/* End PBXSourcesBuildPhase section */

/* Begin PBXTargetDependency section */
		D29C8B672041622900F6DFC0 /* PBXTargetDependency */ = {
			isa = PBXTargetDependency;
			target = D29C8B502041622900F6DFC0 /* Recipes */;
			targetProxy = D29C8B662041622900F6DFC0 /* PBXContainerItemProxy */;
		};
		D29C8B722041622A00F6DFC0 /* PBXTargetDependency */ = {
			isa = PBXTargetDependency;
			target = D29C8B502041622900F6DFC0 /* Recipes */;
			targetProxy = D29C8B712041622A00F6DFC0 /* PBXContainerItemProxy */;
		};
/* End PBXTargetDependency section */

/* Begin PBXVariantGroup section */
		D29C8B582041622900F6DFC0 /* Main.storyboard */ = {
			isa = PBXVariantGroup;
			children = (
				D29C8B592041622900F6DFC0 /* Base */,
			);
			name = Main.storyboard;
			sourceTree = "<group>";
		};
		D29C8B5D2041622900F6DFC0 /* LaunchScreen.storyboard */ = {
			isa = PBXVariantGroup;
			children = (
				D29C8B5E2041622900F6DFC0 /* Base */,
			);
			name = LaunchScreen.storyboard;
			sourceTree = "<group>";
		};
/* End PBXVariantGroup section */

/* Begin XCBuildConfiguration section */
		D29C8B772041622A00F6DFC0 /* Debug */ = {
			isa = XCBuildConfiguration;
			buildSettings = {
				ALWAYS_SEARCH_USER_PATHS = NO;
				CLANG_ANALYZER_NONNULL = YES;
				CLANG_ANALYZER_NUMBER_OBJECT_CONVERSION = YES_AGGRESSIVE;
				CLANG_CXX_LANGUAGE_STANDARD = "gnu++14";
				CLANG_CXX_LIBRARY = "libc++";
				CLANG_ENABLE_MODULES = YES;
				CLANG_ENABLE_OBJC_ARC = YES;
				CLANG_WARN_BLOCK_CAPTURE_AUTORELEASING = YES;
				CLANG_WARN_BOOL_CONVERSION = YES;
				CLANG_WARN_COMMA = YES;
				CLANG_WARN_CONSTANT_CONVERSION = YES;
				CLANG_WARN_DIRECT_OBJC_ISA_USAGE = YES_ERROR;
				CLANG_WARN_DOCUMENTATION_COMMENTS = YES;
				CLANG_WARN_EMPTY_BODY = YES;
				CLANG_WARN_ENUM_CONVERSION = YES;
				CLANG_WARN_INFINITE_RECURSION = YES;
				CLANG_WARN_INT_CONVERSION = YES;
				CLANG_WARN_NON_LITERAL_NULL_CONVERSION = YES;
				CLANG_WARN_OBJC_LITERAL_CONVERSION = YES;
				CLANG_WARN_OBJC_ROOT_CLASS = YES_ERROR;
				CLANG_WARN_RANGE_LOOP_ANALYSIS = YES;
				CLANG_WARN_STRICT_PROTOTYPES = YES;
				CLANG_WARN_SUSPICIOUS_MOVE = YES;
				CLANG_WARN_UNGUARDED_AVAILABILITY = YES_AGGRESSIVE;
				CLANG_WARN_UNREACHABLE_CODE = YES;
				CLANG_WARN__DUPLICATE_METHOD_MATCH = YES;
				CODE_SIGN_IDENTITY = "iPhone Developer";
				COPY_PHASE_STRIP = NO;
				DEBUG_INFORMATION_FORMAT = dwarf;
				ENABLE_STRICT_OBJC_MSGSEND = YES;
				ENABLE_TESTABILITY = YES;
				GCC_C_LANGUAGE_STANDARD = gnu11;
				GCC_DYNAMIC_NO_PIC = NO;
				GCC_NO_COMMON_BLOCKS = YES;
				GCC_OPTIMIZATION_LEVEL = 0;
				GCC_PREPROCESSOR_DEFINITIONS = (
					"DEBUG=1",
					"$(inherited)",
				);
				GCC_WARN_64_TO_32_BIT_CONVERSION = YES;
				GCC_WARN_ABOUT_RETURN_TYPE = YES_ERROR;
				GCC_WARN_UNDECLARED_SELECTOR = YES;
				GCC_WARN_UNINITIALIZED_AUTOS = YES_AGGRESSIVE;
				GCC_WARN_UNUSED_FUNCTION = YES;
				GCC_WARN_UNUSED_VARIABLE = YES;
				IPHONEOS_DEPLOYMENT_TARGET = 11.2;
				MTL_ENABLE_DEBUG_INFO = YES;
				ONLY_ACTIVE_ARCH = YES;
				SDKROOT = iphoneos;
				SWIFT_ACTIVE_COMPILATION_CONDITIONS = DEBUG;
				SWIFT_OPTIMIZATION_LEVEL = "-Onone";
			};
			name = Debug;
		};
		D29C8B782041622A00F6DFC0 /* Release */ = {
			isa = XCBuildConfiguration;
			buildSettings = {
				ALWAYS_SEARCH_USER_PATHS = NO;
				CLANG_ANALYZER_NONNULL = YES;
				CLANG_ANALYZER_NUMBER_OBJECT_CONVERSION = YES_AGGRESSIVE;
				CLANG_CXX_LANGUAGE_STANDARD = "gnu++14";
				CLANG_CXX_LIBRARY = "libc++";
				CLANG_ENABLE_MODULES = YES;
				CLANG_ENABLE_OBJC_ARC = YES;
				CLANG_WARN_BLOCK_CAPTURE_AUTORELEASING = YES;
				CLANG_WARN_BOOL_CONVERSION = YES;
				CLANG_WARN_COMMA = YES;
				CLANG_WARN_CONSTANT_CONVERSION = YES;
				CLANG_WARN_DIRECT_OBJC_ISA_USAGE = YES_ERROR;
				CLANG_WARN_DOCUMENTATION_COMMENTS = YES;
				CLANG_WARN_EMPTY_BODY = YES;
				CLANG_WARN_ENUM_CONVERSION = YES;
				CLANG_WARN_INFINITE_RECURSION = YES;
				CLANG_WARN_INT_CONVERSION = YES;
				CLANG_WARN_NON_LITERAL_NULL_CONVERSION = YES;
				CLANG_WARN_OBJC_LITERAL_CONVERSION = YES;
				CLANG_WARN_OBJC_ROOT_CLASS = YES_ERROR;
				CLANG_WARN_RANGE_LOOP_ANALYSIS = YES;
				CLANG_WARN_STRICT_PROTOTYPES = YES;
				CLANG_WARN_SUSPICIOUS_MOVE = YES;
				CLANG_WARN_UNGUARDED_AVAILABILITY = YES_AGGRESSIVE;
				CLANG_WARN_UNREACHABLE_CODE = YES;
				CLANG_WARN__DUPLICATE_METHOD_MATCH = YES;
				CODE_SIGN_IDENTITY = "iPhone Developer";
				COPY_PHASE_STRIP = NO;
				DEBUG_INFORMATION_FORMAT = "dwarf-with-dsym";
				ENABLE_NS_ASSERTIONS = NO;
				ENABLE_STRICT_OBJC_MSGSEND = YES;
				GCC_C_LANGUAGE_STANDARD = gnu11;
				GCC_NO_COMMON_BLOCKS = YES;
				GCC_WARN_64_TO_32_BIT_CONVERSION = YES;
				GCC_WARN_ABOUT_RETURN_TYPE = YES_ERROR;
				GCC_WARN_UNDECLARED_SELECTOR = YES;
				GCC_WARN_UNINITIALIZED_AUTOS = YES_AGGRESSIVE;
				GCC_WARN_UNUSED_FUNCTION = YES;
				GCC_WARN_UNUSED_VARIABLE = YES;
				IPHONEOS_DEPLOYMENT_TARGET = 11.2;
				MTL_ENABLE_DEBUG_INFO = NO;
				SDKROOT = iphoneos;
				SWIFT_OPTIMIZATION_LEVEL = "-Owholemodule";
				VALIDATE_PRODUCT = YES;
			};
			name = Release;
		};
		D29C8B7A2041622A00F6DFC0 /* Debug */ = {
			isa = XCBuildConfiguration;
			buildSettings = {
				ASSETCATALOG_COMPILER_APPICON_NAME = AppIcon;
				CODE_SIGN_STYLE = Automatic;
				DEVELOPMENT_TEAM = T78DK947F2;
				INFOPLIST_FILE = Recipes/Info.plist;
				LD_RUNPATH_SEARCH_PATHS = "$(inherited) @executable_path/Frameworks";
				PRODUCT_BUNDLE_IDENTIFIER = no.onmyway133.Recipes;
				PRODUCT_NAME = "$(TARGET_NAME)";
				SWIFT_VERSION = 4.0;
				TARGETED_DEVICE_FAMILY = "1,2";
			};
			name = Debug;
		};
		D29C8B7B2041622A00F6DFC0 /* Release */ = {
			isa = XCBuildConfiguration;
			buildSettings = {
				ASSETCATALOG_COMPILER_APPICON_NAME = AppIcon;
				CODE_SIGN_STYLE = Automatic;
				DEVELOPMENT_TEAM = T78DK947F2;
				INFOPLIST_FILE = Recipes/Info.plist;
				LD_RUNPATH_SEARCH_PATHS = "$(inherited) @executable_path/Frameworks";
				PRODUCT_BUNDLE_IDENTIFIER = no.onmyway133.Recipes;
				PRODUCT_NAME = "$(TARGET_NAME)";
				SWIFT_VERSION = 4.0;
				TARGETED_DEVICE_FAMILY = "1,2";
			};
			name = Release;
		};
		D29C8B7D2041622A00F6DFC0 /* Debug */ = {
			isa = XCBuildConfiguration;
			buildSettings = {
				ALWAYS_EMBED_SWIFT_STANDARD_LIBRARIES = YES;
				BUNDLE_LOADER = "$(TEST_HOST)";
				CODE_SIGN_STYLE = Automatic;
				DEVELOPMENT_TEAM = T78DK947F2;
				INFOPLIST_FILE = RecipesTests/Info.plist;
				LD_RUNPATH_SEARCH_PATHS = "$(inherited) @executable_path/Frameworks @loader_path/Frameworks";
				PRODUCT_BUNDLE_IDENTIFIER = no.onmyway133.RecipesTests;
				PRODUCT_NAME = "$(TARGET_NAME)";
				SWIFT_VERSION = 4.0;
				TARGETED_DEVICE_FAMILY = "1,2";
				TEST_HOST = "$(BUILT_PRODUCTS_DIR)/Recipes.app/Recipes";
			};
			name = Debug;
		};
		D29C8B7E2041622A00F6DFC0 /* Release */ = {
			isa = XCBuildConfiguration;
			buildSettings = {
				ALWAYS_EMBED_SWIFT_STANDARD_LIBRARIES = YES;
				BUNDLE_LOADER = "$(TEST_HOST)";
				CODE_SIGN_STYLE = Automatic;
				DEVELOPMENT_TEAM = T78DK947F2;
				INFOPLIST_FILE = RecipesTests/Info.plist;
				LD_RUNPATH_SEARCH_PATHS = "$(inherited) @executable_path/Frameworks @loader_path/Frameworks";
				PRODUCT_BUNDLE_IDENTIFIER = no.onmyway133.RecipesTests;
				PRODUCT_NAME = "$(TARGET_NAME)";
				SWIFT_VERSION = 4.0;
				TARGETED_DEVICE_FAMILY = "1,2";
				TEST_HOST = "$(BUILT_PRODUCTS_DIR)/Recipes.app/Recipes";
			};
			name = Release;
		};
		D29C8B802041622A00F6DFC0 /* Debug */ = {
			isa = XCBuildConfiguration;
			buildSettings = {
				ALWAYS_EMBED_SWIFT_STANDARD_LIBRARIES = YES;
				CODE_SIGN_STYLE = Automatic;
				DEVELOPMENT_TEAM = T78DK947F2;
				INFOPLIST_FILE = RecipesUITests/Info.plist;
				LD_RUNPATH_SEARCH_PATHS = "$(inherited) @executable_path/Frameworks @loader_path/Frameworks";
				PRODUCT_BUNDLE_IDENTIFIER = no.onmyway133.RecipesUITests;
				PRODUCT_NAME = "$(TARGET_NAME)";
				SWIFT_VERSION = 4.0;
				TARGETED_DEVICE_FAMILY = "1,2";
				TEST_TARGET_NAME = Recipes;
			};
			name = Debug;
		};
		D29C8B812041622A00F6DFC0 /* Release */ = {
			isa = XCBuildConfiguration;
			buildSettings = {
				ALWAYS_EMBED_SWIFT_STANDARD_LIBRARIES = YES;
				CODE_SIGN_STYLE = Automatic;
				DEVELOPMENT_TEAM = T78DK947F2;
				INFOPLIST_FILE = RecipesUITests/Info.plist;
				LD_RUNPATH_SEARCH_PATHS = "$(inherited) @executable_path/Frameworks @loader_path/Frameworks";
				PRODUCT_BUNDLE_IDENTIFIER = no.onmyway133.RecipesUITests;
				PRODUCT_NAME = "$(TARGET_NAME)";
				SWIFT_VERSION = 4.0;
				TARGETED_DEVICE_FAMILY = "1,2";
				TEST_TARGET_NAME = Recipes;
			};
			name = Release;
		};
/* End XCBuildConfiguration section */

/* Begin XCConfigurationList section */
		D29C8B4C2041622900F6DFC0 /* Build configuration list for PBXProject "Recipes" */ = {
			isa = XCConfigurationList;
			buildConfigurations = (
				D29C8B772041622A00F6DFC0 /* Debug */,
				D29C8B782041622A00F6DFC0 /* Release */,
			);
			defaultConfigurationIsVisible = 0;
			defaultConfigurationName = Release;
		};
		D29C8B792041622A00F6DFC0 /* Build configuration list for PBXNativeTarget "Recipes" */ = {
			isa = XCConfigurationList;
			buildConfigurations = (
				D29C8B7A2041622A00F6DFC0 /* Debug */,
				D29C8B7B2041622A00F6DFC0 /* Release */,
			);
			defaultConfigurationIsVisible = 0;
			defaultConfigurationName = Release;
		};
		D29C8B7C2041622A00F6DFC0 /* Build configuration list for PBXNativeTarget "RecipesTests" */ = {
			isa = XCConfigurationList;
			buildConfigurations = (
				D29C8B7D2041622A00F6DFC0 /* Debug */,
				D29C8B7E2041622A00F6DFC0 /* Release */,
			);
			defaultConfigurationIsVisible = 0;
			defaultConfigurationName = Release;
		};
		D29C8B7F2041622A00F6DFC0 /* Build configuration list for PBXNativeTarget "RecipesUITests" */ = {
			isa = XCConfigurationList;
			buildConfigurations = (
				D29C8B802041622A00F6DFC0 /* Debug */,
				D29C8B812041622A00F6DFC0 /* Release */,
			);
			defaultConfigurationIsVisible = 0;
			defaultConfigurationName = Release;
		};
/* End XCConfigurationList section */
	};
	rootObject = D29C8B492041622900F6DFC0 /* Project object */;
}
