PODS:
  - SwiftHash (2.0.1)
  - SwiftLint (0.25.0)

DEPENDENCIES:
  - SwiftHash (~> 2.0)
  - SwiftLint (~> 0.25)

SPEC CHECKSUMS:
  SwiftHash: c805de5a434eacfa0dac7210745a50c55d7fe33d
  SwiftLint: e14651157288e9e01d6e1a71db7014fb5744a8ea

PODFILE CHECKSUM: eef016c6e14cafa93e932582c3445733c0778946

COCOAPODS: 1.4.0
